// !$*UTF8*$!
{
	archiveVersion = 1;
	classes = {
	};
	objectVersion = 77;
	objects = {

/* Begin PBXContainerItemProxy section */
		447000F72CD1345400CDD819 /* PBXContainerItemProxy */ = {
			isa = PBXContainerItemProxy;
			containerPortal = 447000D82CD1345300CDD819 /* Project object */;
			proxyType = 1;
			remoteGlobalIDString = 447000DF2CD1345300CDD819;
			remoteInfo = CatGenerator;
		};
		447001012CD1345400CDD819 /* PBXContainerItemProxy */ = {
			isa = PBXContainerItemProxy;
			containerPortal = 447000D82CD1345300CDD819 /* Project object */;
			proxyType = 1;
			remoteGlobalIDString = 447000DF2CD1345300CDD819;
			remoteInfo = CatGenerator;
		};
/* End PBXContainerItemProxy section */

/* Begin PBXFileReference section */
		447000E02CD1345300CDD819 /* CatGenerator.app */ = {isa = PBXFileReference; explicitFileType = wrapper.application; includeInIndex = 0; path = CatGenerator.app; sourceTree = BUILT_PRODUCTS_DIR; };
		447000F62CD1345400CDD819 /* CatGeneratorTests.xctest */ = {isa = PBXFileReference; explicitFileType = wrapper.cfbundle; includeInIndex = 0; path = CatGeneratorTests.xctest; sourceTree = BUILT_PRODUCTS_DIR; };
		447001002CD1345400CDD819 /* CatGeneratorUITests.xctest */ = {isa = PBXFileReference; explicitFileType = wrapper.cfbundle; includeInIndex = 0; path = CatGeneratorUITests.xctest; sourceTree = BUILT_PRODUCTS_DIR; };
/* End PBXFileReference section */

/* Begin PBXFileSystemSynchronizedRootGroup section */
		447000E22CD1345300CDD819 /* CatGenerator */ = {
			isa = PBXFileSystemSynchronizedRootGroup;
			path = CatGenerator;
			sourceTree = "<group>";
		};
		447000F92CD1345400CDD819 /* CatGeneratorTests */ = {
			isa = PBXFileSystemSynchronizedRootGroup;
			path = CatGeneratorTests;
			sourceTree = "<group>";
		};
		447001032CD1345400CDD819 /* CatGeneratorUITests */ = {
			isa = PBXFileSystemSynchronizedRootGroup;
			path = CatGeneratorUITests;
			sourceTree = "<group>";
		};
/* End PBXFileSystemSynchronizedRootGroup section */

/* Begin PBXFrameworksBuildPhase section */
		447000DD2CD1345300CDD819 /* Frameworks */ = {
			isa = PBXFrameworksBuildPhase;
			buildActionMask = 2147483647;
			files = (
			);
			runOnlyForDeploymentPostprocessing = 0;
		};
		447000F32CD1345400CDD819 /* Frameworks */ = {
			isa = PBXFrameworksBuildPhase;
			buildActionMask = 2147483647;
			files = (
			);
			runOnlyForDeploymentPostprocessing = 0;
		};
		447000FD2CD1345400CDD819 /* Frameworks */ = {
			isa = PBXFrameworksBuildPhase;
			buildActionMask = 2147483647;
			files = (
			);
			runOnlyForDeploymentPostprocessing = 0;
		};
/* End PBXFrameworksBuildPhase section */

/* Begin PBXGroup section */
		447000D72CD1345300CDD819 = {
			isa = PBXGroup;
			children = (
				447000E22CD1345300CDD819 /* CatGenerator */,
				447000F92CD1345400CDD819 /* CatGeneratorTests */,
				447001032CD1345400CDD819 /* CatGeneratorUITests */,
				447000E12CD1345300CDD819 /* Products */,
			);
			sourceTree = "<group>";
		};
		447000E12CD1345300CDD819 /* Products */ = {
			isa = PBXGroup;
			children = (
				447000E02CD1345300CDD819 /* CatGenerator.app */,
				447000F62CD1345400CDD819 /* CatGeneratorTests.xctest */,
				447001002CD1345400CDD819 /* CatGeneratorUITests.xctest */,
			);
			name = Products;
			sourceTree = "<group>";
		};
/* End PBXGroup section */

/* Begin PBXNativeTarget section */
		447000DF2CD1345300CDD819 /* CatGenerator */ = {
			isa = PBXNativeTarget;
			buildConfigurationList = 447001092CD1345400CDD819 /* Build configuration list for PBXNativeTarget "CatGenerator" */;
			buildPhases = (
				447000DC2CD1345300CDD819 /* Sources */,
				447000DD2CD1345300CDD819 /* Frameworks */,
				447000DE2CD1345300CDD819 /* Resources */,
			);
			buildRules = (
			);
			dependencies = (
			);
			fileSystemSynchronizedGroups = (
				447000E22CD1345300CDD819 /* CatGenerator */,
			);
			name = CatGenerator;
			packageProductDependencies = (
			);
			productName = CatGenerator;
			productReference = 447000E02CD1345300CDD819 /* CatGenerator.app */;
			productType = "com.apple.product-type.application";
		};
		447000F52CD1345400CDD819 /* CatGeneratorTests */ = {
			isa = PBXNativeTarget;
			buildConfigurationList = 4470010E2CD1345400CDD819 /* Build configuration list for PBXNativeTarget "CatGeneratorTests" */;
			buildPhases = (
				447000F22CD1345400CDD819 /* Sources */,
				447000F32CD1345400CDD819 /* Frameworks */,
				447000F42CD1345400CDD819 /* Resources */,
			);
			buildRules = (
			);
			dependencies = (
				447000F82CD1345400CDD819 /* PBXTargetDependency */,
			);
			fileSystemSynchronizedGroups = (
				447000F92CD1345400CDD819 /* CatGeneratorTests */,
			);
			name = CatGeneratorTests;
			packageProductDependencies = (
			);
			productName = CatGeneratorTests;
			productReference = 447000F62CD1345400CDD819 /* CatGeneratorTests.xctest */;
			productType = "com.apple.product-type.bundle.unit-test";
		};
		447000FF2CD1345400CDD819 /* CatGeneratorUITests */ = {
			isa = PBXNativeTarget;
			buildConfigurationList = 447001112CD1345400CDD819 /* Build configuration list for PBXNativeTarget "CatGeneratorUITests" */;
			buildPhases = (
				447000FC2CD1345400CDD819 /* Sources */,
				447000FD2CD1345400CDD819 /* Frameworks */,
				447000FE2CD1345400CDD819 /* Resources */,
			);
			buildRules = (
			);
			dependencies = (
				447001022CD1345400CDD819 /* PBXTargetDependency */,
			);
			fileSystemSynchronizedGroups = (
				447001032CD1345400CDD819 /* CatGeneratorUITests */,
			);
			name = CatGeneratorUITests;
			packageProductDependencies = (
			);
			productName = CatGeneratorUITests;
			productReference = 447001002CD1345400CDD819 /* CatGeneratorUITests.xctest */;
			productType = "com.apple.product-type.bundle.ui-testing";
		};
/* End PBXNativeTarget section */

/* Begin PBXProject section */
		447000D82CD1345300CDD819 /* Project object */ = {
			isa = PBXProject;
			attributes = {
				BuildIndependentTargetsInParallel = 1;
				LastSwiftUpdateCheck = 1600;
				LastUpgradeCheck = 1600;
				TargetAttributes = {
					447000DF2CD1345300CDD819 = {
						CreatedOnToolsVersion = 16.0;
					};
					447000F52CD1345400CDD819 = {
						CreatedOnToolsVersion = 16.0;
						TestTargetID = 447000DF2CD1345300CDD819;
					};
					447000FF2CD1345400CDD819 = {
						CreatedOnToolsVersion = 16.0;
						TestTargetID = 447000DF2CD1345300CDD819;
					};
				};
			};
			buildConfigurationList = 447000DB2CD1345300CDD819 /* Build configuration list for PBXProject "CatGenerator" */;
			developmentRegion = en;
			hasScannedForEncodings = 0;
			knownRegions = (
				en,
				Base,
			);
			mainGroup = 447000D72CD1345300CDD819;
			minimizedProjectReferenceProxies = 1;
			preferredProjectObjectVersion = 77;
			productRefGroup = 447000E12CD1345300CDD819 /* Products */;
			projectDirPath = "";
			projectRoot = "";
			targets = (
				447000DF2CD1345300CDD819 /* CatGenerator */,
				447000F52CD1345400CDD819 /* CatGeneratorTests */,
				447000FF2CD1345400CDD819 /* CatGeneratorUITests */,
			);
		};
/* End PBXProject section */

/* Begin PBXResourcesBuildPhase section */
		447000DE2CD1345300CDD819 /* Resources */ = {
			isa = PBXResourcesBuildPhase;
			buildActionMask = 2147483647;
			files = (
			);
			runOnlyForDeploymentPostprocessing = 0;
		};
		447000F42CD1345400CDD819 /* Resources */ = {
			isa = PBXResourcesBuildPhase;
			buildActionMask = 2147483647;
			files = (
			);
			runOnlyForDeploymentPostprocessing = 0;
		};
		447000FE2CD1345400CDD819 /* Resources */ = {
			isa = PBXResourcesBuildPhase;
			buildActionMask = 2147483647;
			files = (
			);
			runOnlyForDeploymentPostprocessing = 0;
		};
/* End PBXResourcesBuildPhase section */

/* Begin PBXSourcesBuildPhase section */
		447000DC2CD1345300CDD819 /* Sources */ = {
			isa = PBXSourcesBuildPhase;
			buildActionMask = 2147483647;
			files = (
			);
			runOnlyForDeploymentPostprocessing = 0;
		};
		447000F22CD1345400CDD819 /* Sources */ = {
			isa = PBXSourcesBuildPhase;
			buildActionMask = 2147483647;
			files = (
			);
			runOnlyForDeploymentPostprocessing = 0;
		};
		447000FC2CD1345400CDD819 /* Sources */ = {
			isa = PBXSourcesBuildPhase;
			buildActionMask = 2147483647;
			files = (
			);
			runOnlyForDeploymentPostprocessing = 0;
		};
/* End PBXSourcesBuildPhase section */

/* Begin PBXTargetDependency section */
		447000F82CD1345400CDD819 /* PBXTargetDependency */ = {
			isa = PBXTargetDependency;
			target = 447000DF2CD1345300CDD819 /* CatGenerator */;
			targetProxy = 447000F72CD1345400CDD819 /* PBXContainerItemProxy */;
		};
		447001022CD1345400CDD819 /* PBXTargetDependency */ = {
			isa = PBXTargetDependency;
			target = 447000DF2CD1345300CDD819 /* CatGenerator */;
			targetProxy = 447001012CD1345400CDD819 /* PBXContainerItemProxy */;
		};
/* End PBXTargetDependency section */

/* Begin XCBuildConfiguration section */
		4470010A2CD1345400CDD819 /* Debug */ = {
			isa = XCBuildConfiguration;
			buildSettings = {
				ASSETCATALOG_COMPILER_APPICON_NAME = AppIcon;
				ASSETCATALOG_COMPILER_GLOBAL_ACCENT_COLOR_NAME = AccentColor;
				CODE_SIGN_STYLE = Automatic;
				CURRENT_PROJECT_VERSION = 1;
				DEVELOPMENT_TEAM = 3S6Z3VLT47;
				GENERATE_INFOPLIST_FILE = YES;
				INFOPLIST_FILE = CatGenerator/Info.plist;
				INFOPLIST_KEY_UIApplicationSupportsIndirectInputEvents = YES;
				INFOPLIST_KEY_UILaunchStoryboardName = LaunchScreen;
				INFOPLIST_KEY_UIMainStoryboardFile = Main;
				INFOPLIST_KEY_UISupportedInterfaceOrientations_iPad = "UIInterfaceOrientationPortrait UIInterfaceOrientationPortraitUpsideDown UIInterfaceOrientationLandscapeLeft UIInterfaceOrientationLandscapeRight";
				INFOPLIST_KEY_UISupportedInterfaceOrientations_iPhone = "UIInterfaceOrientationPortrait UIInterfaceOrientationLandscapeLeft UIInterfaceOrientationLandscapeRight";
				LD_RUNPATH_SEARCH_PATHS = (
					"$(inherited)",
					"@executable_path/Frameworks",
				);
				MARKETING_VERSION = 1.0;
				PRODUCT_BUNDLE_IDENTIFIER = ru.ruslanenikeev.CatGenerator;
				PRODUCT_NAME = "$(TARGET_NAME)";
				SWIFT_EMIT_LOC_STRINGS = YES;
				SWIFT_VERSION = 5.0;
				TARGETED_DEVICE_FAMILY = "1,2";
			};
			name = Debug;
		};
		4470010B2CD1345400CDD819 /* Release */ = {
			isa = XCBuildConfiguration;
			buildSettings = {
				ASSETCATALOG_COMPILER_APPICON_NAME = AppIcon;
				ASSETCATALOG_COMPILER_GLOBAL_ACCENT_COLOR_NAME = AccentColor;
				CODE_SIGN_STYLE = Automatic;
				CURRENT_PROJECT_VERSION = 1;
				DEVELOPMENT_TEAM = 3S6Z3VLT47;
				GENERATE_INFOPLIST_FILE = YES;
				INFOPLIST_FILE = CatGenerator/Info.plist;
				INFOPLIST_KEY_UIApplicationSupportsIndirectInputEvents = YES;
				INFOPLIST_KEY_UILaunchStoryboardName = LaunchScreen;
				INFOPLIST_KEY_UIMainStoryboardFile = Main;
				INFOPLIST_KEY_UISupportedInterfaceOrientations_iPad = "UIInterfaceOrientationPortrait UIInterfaceOrientationPortraitUpsideDown UIInterfaceOrientationLandscapeLeft UIInterfaceOrientationLandscapeRight";
				INFOPLIST_KEY_UISupportedInterfaceOrientations_iPhone = "UIInterfaceOrientationPortrait UIInterfaceOrientationLandscapeLeft UIInterfaceOrientationLandscapeRight";
				LD_RUNPATH_SEARCH_PATHS = (
					"$(inherited)",
					"@executable_path/Frameworks",
				);
				MARKETING_VERSION = 1.0;
				PRODUCT_BUNDLE_IDENTIFIER = ru.ruslanenikeev.CatGenerator;
				PRODUCT_NAME = "$(TARGET_NAME)";
				SWIFT_EMIT_LOC_STRINGS = YES;
				SWIFT_VERSION = 5.0;
				TARGETED_DEVICE_FAMILY = "1,2";
			};
			name = Release;
		};
		4470010C2CD1345400CDD819 /* Debug */ = {
			isa = XCBuildConfiguration;
			buildSettings = {
				ALWAYS_SEARCH_USER_PATHS = NO;
				ASSETCATALOG_COMPILER_GENERATE_SWIFT_ASSET_SYMBOL_EXTENSIONS = YES;
				CLANG_ANALYZER_NONNULL = YES;
				CLANG_ANALYZER_NUMBER_OBJECT_CONVERSION = YES_AGGRESSIVE;
				CLANG_CXX_LANGUAGE_STANDARD = "gnu++20";
				CLANG_ENABLE_MODULES = YES;
				CLANG_ENABLE_OBJC_ARC = YES;
				CLANG_ENABLE_OBJC_WEAK = YES;
				CLANG_WARN_BLOCK_CAPTURE_AUTORELEASING = YES;
				CLANG_WARN_BOOL_CONVERSION = YES;
				CLANG_WARN_COMMA = YES;
				CLANG_WARN_CONSTANT_CONVERSION = YES;
				CLANG_WARN_DEPRECATED_OBJC_IMPLEMENTATIONS = YES;
				CLANG_WARN_DIRECT_OBJC_ISA_USAGE = YES_ERROR;
				CLANG_WARN_DOCUMENTATION_COMMENTS = YES;
				CLANG_WARN_EMPTY_BODY = YES;
				CLANG_WARN_ENUM_CONVERSION = YES;
				CLANG_WARN_INFINITE_RECURSION = YES;
				CLANG_WARN_INT_CONVERSION = YES;
				CLANG_WARN_NON_LITERAL_NULL_CONVERSION = YES;
				CLANG_WARN_OBJC_IMPLICIT_RETAIN_SELF = YES;
				CLANG_WARN_OBJC_LITERAL_CONVERSION = YES;
				CLANG_WARN_OBJC_ROOT_CLASS = YES_ERROR;
				CLANG_WARN_QUOTED_INCLUDE_IN_FRAMEWORK_HEADER = YES;
				CLANG_WARN_RANGE_LOOP_ANALYSIS = YES;
				CLANG_WARN_STRICT_PROTOTYPES = YES;
				CLANG_WARN_SUSPICIOUS_MOVE = YES;
				CLANG_WARN_UNGUARDED_AVAILABILITY = YES_AGGRESSIVE;
				CLANG_WARN_UNREACHABLE_CODE = YES;
				CLANG_WARN__DUPLICATE_METHOD_MATCH = YES;
				COPY_PHASE_STRIP = NO;
				DEBUG_INFORMATION_FORMAT = dwarf;
				ENABLE_STRICT_OBJC_MSGSEND = YES;
				ENABLE_TESTABILITY = YES;
				ENABLE_USER_SCRIPT_SANDBOXING = YES;
				GCC_C_LANGUAGE_STANDARD = gnu17;
				GCC_DYNAMIC_NO_PIC = NO;
				GCC_NO_COMMON_BLOCKS = YES;
				GCC_OPTIMIZATION_LEVEL = 0;
				GCC_PREPROCESSOR_DEFINITIONS = (
					"DEBUG=1",
					"$(inherited)",
				);
				GCC_WARN_64_TO_32_BIT_CONVERSION = YES;
				GCC_WARN_ABOUT_RETURN_TYPE = YES_ERROR;
				GCC_WARN_UNDECLARED_SELECTOR = YES;
				GCC_WARN_UNINITIALIZED_AUTOS = YES_AGGRESSIVE;
				GCC_WARN_UNUSED_FUNCTION = YES;
				GCC_WARN_UNUSED_VARIABLE = YES;
				IPHONEOS_DEPLOYMENT_TARGET = 18.0;
				LOCALIZATION_PREFERS_STRING_CATALOGS = YES;
				MTL_ENABLE_DEBUG_INFO = INCLUDE_SOURCE;
				MTL_FAST_MATH = YES;
				ONLY_ACTIVE_ARCH = YES;
				SDKROOT = iphoneos;
				SWIFT_ACTIVE_COMPILATION_CONDITIONS = "DEBUG $(inherited)";
				SWIFT_OPTIMIZATION_LEVEL = "-Onone";
			};
			name = Debug;
		};
		4470010D2CD1345400CDD819 /* Release */ = {
			isa = XCBuildConfiguration;
			buildSettings = {
				ALWAYS_SEARCH_USER_PATHS = NO;
				ASSETCATALOG_COMPILER_GENERATE_SWIFT_ASSET_SYMBOL_EXTENSIONS = YES;
				CLANG_ANALYZER_NONNULL = YES;
				CLANG_ANALYZER_NUMBER_OBJECT_CONVERSION = YES_AGGRESSIVE;
				CLANG_CXX_LANGUAGE_STANDARD = "gnu++20";
				CLANG_ENABLE_MODULES = YES;
				CLANG_ENABLE_OBJC_ARC = YES;
				CLANG_ENABLE_OBJC_WEAK = YES;
				CLANG_WARN_BLOCK_CAPTURE_AUTORELEASING = YES;
				CLANG_WARN_BOOL_CONVERSION = YES;
				CLANG_WARN_COMMA = YES;
				CLANG_WARN_CONSTANT_CONVERSION = YES;
				CLANG_WARN_DEPRECATED_OBJC_IMPLEMENTATIONS = YES;
				CLANG_WARN_DIRECT_OBJC_ISA_USAGE = YES_ERROR;
				CLANG_WARN_DOCUMENTATION_COMMENTS = YES;
				CLANG_WARN_EMPTY_BODY = YES;
				CLANG_WARN_ENUM_CONVERSION = YES;
				CLANG_WARN_INFINITE_RECURSION = YES;
				CLANG_WARN_INT_CONVERSION = YES;
				CLANG_WARN_NON_LITERAL_NULL_CONVERSION = YES;
				CLANG_WARN_OBJC_IMPLICIT_RETAIN_SELF = YES;
				CLANG_WARN_OBJC_LITERAL_CONVERSION = YES;
				CLANG_WARN_OBJC_ROOT_CLASS = YES_ERROR;
				CLANG_WARN_QUOTED_INCLUDE_IN_FRAMEWORK_HEADER = YES;
				CLANG_WARN_RANGE_LOOP_ANALYSIS = YES;
				CLANG_WARN_STRICT_PROTOTYPES = YES;
				CLANG_WARN_SUSPICIOUS_MOVE = YES;
				CLANG_WARN_UNGUARDED_AVAILABILITY = YES_AGGRESSIVE;
				CLANG_WARN_UNREACHABLE_CODE = YES;
				CLANG_WARN__DUPLICATE_METHOD_MATCH = YES;
				COPY_PHASE_STRIP = NO;
				DEBUG_INFORMATION_FORMAT = "dwarf-with-dsym";
				ENABLE_NS_ASSERTIONS = NO;
				ENABLE_STRICT_OBJC_MSGSEND = YES;
				ENABLE_USER_SCRIPT_SANDBOXING = YES;
				GCC_C_LANGUAGE_STANDARD = gnu17;
				GCC_NO_COMMON_BLOCKS = YES;
				GCC_WARN_64_TO_32_BIT_CONVERSION = YES;
				GCC_WARN_ABOUT_RETURN_TYPE = YES_ERROR;
				GCC_WARN_UNDECLARED_SELECTOR = YES;
				GCC_WARN_UNINITIALIZED_AUTOS = YES_AGGRESSIVE;
				GCC_WARN_UNUSED_FUNCTION = YES;
				GCC_WARN_UNUSED_VARIABLE = YES;
				IPHONEOS_DEPLOYMENT_TARGET = 18.0;
				LOCALIZATION_PREFERS_STRING_CATALOGS = YES;
				MTL_ENABLE_DEBUG_INFO = NO;
				MTL_FAST_MATH = YES;
				SDKROOT = iphoneos;
				SWIFT_COMPILATION_MODE = wholemodule;
				VALIDATE_PRODUCT = YES;
			};
			name = Release;
		};
		4470010F2CD1345400CDD819 /* Debug */ = {
			isa = XCBuildConfiguration;
			buildSettings = {
				BUNDLE_LOADER = "$(TEST_HOST)";
				CODE_SIGN_STYLE = Automatic;
				CURRENT_PROJECT_VERSION = 1;
				DEVELOPMENT_TEAM = 3S6Z3VLT47;
				GENERATE_INFOPLIST_FILE = YES;
				IPHONEOS_DEPLOYMENT_TARGET = 18.0;
				MARKETING_VERSION = 1.0;
				PRODUCT_BUNDLE_IDENTIFIER = ru.ruslanenikeev.CatGeneratorTests;
				PRODUCT_NAME = "$(TARGET_NAME)";
				SWIFT_EMIT_LOC_STRINGS = NO;
				SWIFT_VERSION = 5.0;
				TARGETED_DEVICE_FAMILY = "1,2";
				TEST_HOST = "$(BUILT_PRODUCTS_DIR)/CatGenerator.app/$(BUNDLE_EXECUTABLE_FOLDER_PATH)/CatGenerator";
			};
			name = Debug;
		};
		447001102CD1345400CDD819 /* Release */ = {
			isa = XCBuildConfiguration;
			buildSettings = {
				BUNDLE_LOADER = "$(TEST_HOST)";
				CODE_SIGN_STYLE = Automatic;
				CURRENT_PROJECT_VERSION = 1;
				DEVELOPMENT_TEAM = 3S6Z3VLT47;
				GENERATE_INFOPLIST_FILE = YES;
				IPHONEOS_DEPLOYMENT_TARGET = 18.0;
				MARKETING_VERSION = 1.0;
				PRODUCT_BUNDLE_IDENTIFIER = ru.ruslanenikeev.CatGeneratorTests;
				PRODUCT_NAME = "$(TARGET_NAME)";
				SWIFT_EMIT_LOC_STRINGS = NO;
				SWIFT_VERSION = 5.0;
				TARGETED_DEVICE_FAMILY = "1,2";
				TEST_HOST = "$(BUILT_PRODUCTS_DIR)/CatGenerator.app/$(BUNDLE_EXECUTABLE_FOLDER_PATH)/CatGenerator";
			};
			name = Release;
		};
		447001122CD1345400CDD819 /* Debug */ = {
			isa = XCBuildConfiguration;
			buildSettings = {
				CODE_SIGN_STYLE = Automatic;
				CURRENT_PROJECT_VERSION = 1;
				DEVELOPMENT_TEAM = 3S6Z3VLT47;
				GENERATE_INFOPLIST_FILE = YES;
				MARKETING_VERSION = 1.0;
				PRODUCT_BUNDLE_IDENTIFIER = ru.ruslanenikeev.CatGeneratorUITests;
				PRODUCT_NAME = "$(TARGET_NAME)";
				SWIFT_EMIT_LOC_STRINGS = NO;
				SWIFT_VERSION = 5.0;
				TARGETED_DEVICE_FAMILY = "1,2";
				TEST_TARGET_NAME = CatGenerator;
			};
			name = Debug;
		};
		447001132CD1345400CDD819 /* Release */ = {
			isa = XCBuildConfiguration;
			buildSettings = {
				CODE_SIGN_STYLE = Automatic;
				CURRENT_PROJECT_VERSION = 1;
				DEVELOPMENT_TEAM = 3S6Z3VLT47;
				GENERATE_INFOPLIST_FILE = YES;
				MARKETING_VERSION = 1.0;
				PRODUCT_BUNDLE_IDENTIFIER = ru.ruslanenikeev.CatGeneratorUITests;
				PRODUCT_NAME = "$(TARGET_NAME)";
				SWIFT_EMIT_LOC_STRINGS = NO;
				SWIFT_VERSION = 5.0;
				TARGETED_DEVICE_FAMILY = "1,2";
				TEST_TARGET_NAME = CatGenerator;
			};
			name = Release;
		};
/* End XCBuildConfiguration section */

/* Begin XCConfigurationList section */
		447000DB2CD1345300CDD819 /* Build configuration list for PBXProject "CatGenerator" */ = {
			isa = XCConfigurationList;
			buildConfigurations = (
				4470010C2CD1345400CDD819 /* Debug */,
				4470010D2CD1345400CDD819 /* Release */,
			);
			defaultConfigurationIsVisible = 0;
			defaultConfigurationName = Release;
		};
		447001092CD1345400CDD819 /* Build configuration list for PBXNativeTarget "CatGenerator" */ = {
			isa = XCConfigurationList;
			buildConfigurations = (
				4470010A2CD1345400CDD819 /* Debug */,
				4470010B2CD1345400CDD819 /* Release */,
			);
			defaultConfigurationIsVisible = 0;
			defaultConfigurationName = Release;
		};
		4470010E2CD1345400CDD819 /* Build configuration list for PBXNativeTarget "CatGeneratorTests" */ = {
			isa = XCConfigurationList;
			buildConfigurations = (
				4470010F2CD1345400CDD819 /* Debug */,
				447001102CD1345400CDD819 /* Release */,
			);
			defaultConfigurationIsVisible = 0;
			defaultConfigurationName = Release;
		};
		447001112CD1345400CDD819 /* Build configuration list for PBXNativeTarget "CatGeneratorUITests" */ = {
			isa = XCConfigurationList;
			buildConfigurations = (
				447001122CD1345400CDD819 /* Debug */,
				447001132CD1345400CDD819 /* Release */,
			);
			defaultConfigurationIsVisible = 0;
			defaultConfigurationName = Release;
		};
/* End XCConfigurationList section */
	};
	rootObject = 447000D82CD1345300CDD819 /* Project object */;
}
